
Microsoft Visual Studio Solution File, Format Version 12.00
# Visual Studio Version 17
VisualStudioVersion = 17.4.33205.214
MinimumVisualStudioVersion = 10.0.40219.1
Project("{FAE04EC0-301F-11D3-BF4B-00C04F79EFBC}") = "CSharpOracleWebApiProject", "CSharpOracleWebApiProject\CSharpOracleWebApiProject.csproj", "{46AC02ED-9875-4A78-9331-2B81A71C71AB}"
EndProject
Project("{FAE04EC0-301F-11D3-BF4B-00C04F79EFBC}") = "DemoLibrary", "DemoLibrary\DemoLibrary.csproj", "{795D98EB-55A6-4677-B2F9-18C8926A3A48}"
EndProject
Global
	GlobalSection(SolutionConfigurationPlatforms) = preSolution
		Debug|Any CPU = Debug|Any CPU
		Release|Any CPU = Release|Any CPU
	EndGlobalSection
	GlobalSection(ProjectConfigurationPlatforms) = postSolution
		{46AC02ED-9875-4A78-9331-2B81A71C71AB}.Debug|Any CPU.ActiveCfg = Debug|Any CPU
		{46AC02ED-9875-4A78-9331-2B81A71C71AB}.Debug|Any CPU.Build.0 = Debug|Any CPU
		{46AC02ED-9875-4A78-9331-2B81A71C71AB}.Release|Any CPU.ActiveCfg = Release|Any CPU
		{46AC02ED-9875-4A78-9331-2B81A71C71AB}.Release|Any CPU.Build.0 = Release|Any CPU
		{795D98EB-55A6-4677-B2F9-18C8926A3A48}.Debug|Any CPU.ActiveCfg = Debug|Any CPU
		{795D98EB-55A6-4677-B2F9-18C8926A3A48}.Debug|Any CPU.Build.0 = Debug|Any CPU
		{795D98EB-55A6-4677-B2F9-18C8926A3A48}.Release|Any CPU.ActiveCfg = Release|Any CPU
		{795D98EB-55A6-4677-B2F9-18C8926A3A48}.Release|Any CPU.Build.0 = Release|Any CPU
	EndGlobalSection
	GlobalSection(SolutionProperties) = preSolution
		HideSolutionNode = FALSE
	EndGlobalSection
	GlobalSection(ExtensibilityGlobals) = postSolution
		SolutionGuid = {0397F404-5872-49E4-89FC-4C61374BA821}
	EndGlobalSection
EndGlobal
